Microsoft Visual Studio Solution File, Format Version 12.00
# Visual Studio Version 17
VisualStudioVersion = 17.5.2.0
MinimumVisualStudioVersion = 10.0.40219.1
Project("{2150E333-8FDC-42A3-9474-1A3956D46DE8}") = "docker-metrics-collector", "docker-metrics-collector", "{C2F96C0E-F03A-C4A9-B42B-C490A38C6E1F}"
EndProject
Project("{FAE04EC0-301F-11D3-BF4B-00C04F79EFBC}") = "DockerMetricsCollector", "docker-metrics-collector\DockerMetricsCollector\DockerMetricsCollector.csproj", "{9471905C-0412-00D5-974C-F3D0EAF03E6E}"
EndProject
Global
	GlobalSection(SolutionConfigurationPlatforms) = preSolution
		Debug|Any CPU = Debug|Any CPU
		Release|Any CPU = Release|Any CPU
	EndGlobalSection
	GlobalSection(ProjectConfigurationPlatforms) = postSolution
		{9471905C-0412-00D5-974C-F3D0EAF03E6E}.Debug|Any CPU.ActiveCfg = Debug|Any CPU
		{9471905C-0412-00D5-974C-F3D0EAF03E6E}.Debug|Any CPU.Build.0 = Debug|Any CPU
		{9471905C-0412-00D5-974C-F3D0EAF03E6E}.Release|Any CPU.ActiveCfg = Release|Any CPU
		{9471905C-0412-00D5-974C-F3D0EAF03E6E}.Release|Any CPU.Build.0 = Release|Any CPU
	EndGlobalSection
	GlobalSection(SolutionProperties) = preSolution
		HideSolutionNode = FALSE
	EndGlobalSection
	GlobalSection(NestedProjects) = preSolution
		{9471905C-0412-00D5-974C-F3D0EAF03E6E} = {C2F96C0E-F03A-C4A9-B42B-C490A38C6E1F}
	EndGlobalSection
	GlobalSection(ExtensibilityGlobals) = postSolution
		SolutionGuid = {C4F69DDA-E3FD-42C8-AB39-1D9FECB99B57}
	EndGlobalSection
EndGlobal
